{
  "version": 4,
  "terraform_version": "1.14.3",
  "serial": 14,
  "lineage": "cf8de985-4add-cb61-ffc6-a919d6fd870e",
  "outputs": {
    "nsg_id": {
      "value": "/subscriptions/67e35d63-a466-4f40-bfb9-c5ecfcb0da62/resourceGroups/webapp-dev-rg/providers/Microsoft.Network/networkSecurityGroups/webapp-dev-nsg",
      "type": "string"
    },
    "resource_group_id": {
      "value": "/subscriptions/67e35d63-a466-4f40-bfb9-c5ecfcb0da62/resourceGroups/webapp-dev-rg",
      "type": "string"
    },
    "resource_group_name": {
      "value": "webapp-dev-rg",
      "type": "string"
    },
    "subnet_ids": {
      "value": {
        "subnet-app": "/subscriptions/67e35d63-a466-4f40-bfb9-c5ecfcb0da62/resourceGroups/webapp-dev-rg/providers/Microsoft.Network/virtualNetworks/webapp-dev-vnet/subnets/subnet-app",
        "subnet-db": "/subscriptions/67e35d63-a466-4f40-bfb9-c5ecfcb0da62/resourceGroups/webapp-dev-rg/providers/Microsoft.Network/virtualNetworks/webapp-dev-vnet/subnets/subnet-db"
      },
      "type": [
        "object",
        {
          "subnet-app": "string",
          "subnet-db": "string"
        }
      ]
    },
    "subscription_id": {
      "value": "/subscriptions/67e35d63-a466-4f40-bfb9-c5ecfcb0da62/resourceGroups/webapp-dev-rg",
      "type": "string",
      "sensitive": true
    },
    "vnet_id": {
      "value": "/subscriptions/67e35d63-a466-4f40-bfb9-c5ecfcb0da62/resourceGroups/webapp-dev-rg/providers/Microsoft.Network/virtualNetworks/webapp-dev-vnet",
      "type": "string"
    },
    "vnet_name": {
      "value": "webapp-dev-vnet",
      "type": "string"
    }
  },
  "resources": [
    {
      "mode": "managed",
      "type": "azurerm_network_security_group",
      "name": "main",
      "provider": "provider[\"registry.terraform.io/hashicorp/azurerm\"]",
      "instances": [
        {
          "schema_version": 0,
          "attributes": {
            "id": "/subscriptions/67e35d63-a466-4f40-bfb9-c5ecfcb0da62/resourceGroups/webapp-dev-rg/providers/Microsoft.Network/networkSecurityGroups/webapp-dev-nsg",
            "location": "brazilsouth",
            "name": "webapp-dev-nsg",
            "resource_group_name": "webapp-dev-rg",
            "security_rule": [
              {
                "access": "Allow",
                "description": "",
                "destination_address_prefix": "*",
                "destination_address_prefixes": [],
                "destination_application_security_group_ids": [],
                "destination_port_range": "22",
                "destination_port_ranges": [],
                "direction": "Inbound",
                "name": "AllowSSH",
                "priority": 100,
                "protocol": "Tcp",
                "source_address_prefix": "*",
                "source_address_prefixes": [],
                "source_application_security_group_ids": [],
                "source_port_range": "*",
                "source_port_ranges": []
              },
              {
                "access": "Allow",
                "description": "",
                "destination_address_prefix": "*",
                "destination_address_prefixes": [],
                "destination_application_security_group_ids": [],
                "destination_port_range": "443",
                "destination_port_ranges": [],
                "direction": "Inbound",
                "name": "AllowHTTPS",
                "priority": 120,
                "protocol": "Tcp",
                "source_address_prefix": "*",
                "source_address_prefixes": [],
                "source_application_security_group_ids": [],
                "source_port_range": "*",
                "source_port_ranges": []
              },
              {
                "access": "Allow",
                "description": "",
                "destination_address_prefix": "*",
                "destination_address_prefixes": [],
                "destination_application_security_group_ids": [],
                "destination_port_range": "80",
                "destination_port_ranges": [],
                "direction": "Inbound",
                "name": "AllowHTTP",
                "priority": 110,
                "protocol": "Tcp",
                "source_address_prefix": "*",
                "source_address_prefixes": [],
                "source_application_security_group_ids": [],
                "source_port_range": "*",
                "source_port_ranges": []
              }
            ],
            "tags": {
              "ambiente": "dev",
              "centro_custo": "ti-infra",
              "criado_por": "terraform",
              "data_criacao": "2026-01-29T18:25:40Z",
              "gerenciado": "terraform",
              "projeto": "webapp"
            },
            "timeouts": null
          },
          "sensitive_attributes": [],
          "identity_schema_version": 0,
          "private": "eyJlMmJmYjczMC1lY2FhLTExZTYtOGY4OC0zNDM2M2JjN2M0YzAiOnsiY3JlYXRlIjoxODAwMDAwMDAwMDAwLCJkZWxldGUiOjE4MDAwMDAwMDAwMDAsInJlYWQiOjMwMDAwMDAwMDAwMCwidXBkYXRlIjoxODAwMDAwMDAwMDAwfX0=",
          "dependencies": [
            "azurerm_resource_group.main"
          ]
        }
      ]
    },
    {
      "mode": "managed",
      "type": "azurerm_resource_group",
      "name": "main",
      "provider": "provider[\"registry.terraform.io/hashicorp/azurerm\"]",
      "instances": [
        {
          "schema_version": 0,
          "attributes": {
            "id": "/subscriptions/67e35d63-a466-4f40-bfb9-c5ecfcb0da62/resourceGroups/webapp-dev-rg",
            "location": "brazilsouth",
            "managed_by": "",
            "name": "webapp-dev-rg",
            "tags": {
              "ambiente": "dev",
              "centro_custo": "ti-infra",
              "criado_por": "terraform",
              "data_criacao": "2026-01-29T18:25:40Z",
              "gerenciado": "terraform",
              "projeto": "webapp"
            },
            "timeouts": null
          },
          "sensitive_attributes": [],
          "identity_schema_version": 0,
          "private": "eyJlMmJmYjczMC1lY2FhLTExZTYtOGY4OC0zNDM2M2JjN2M0YzAiOnsiY3JlYXRlIjo1NDAwMDAwMDAwMDAwLCJkZWxldGUiOjU0MDAwMDAwMDAwMDAsInJlYWQiOjMwMDAwMDAwMDAwMCwidXBkYXRlIjo1NDAwMDAwMDAwMDAwfX0="
        }
      ]
    },
    {
      "mode": "managed",
      "type": "azurerm_subnet",
      "name": "main",
      "provider": "provider[\"registry.terraform.io/hashicorp/azurerm\"]",
      "instances": [
        {
          "index_key": "subnet-app",
          "schema_version": 0,
          "attributes": {
            "address_prefixes": [
              "10.0.1.0/24"
            ],
            "default_outbound_access_enabled": true,
            "delegation": [],
            "enforce_private_link_endpoint_network_policies": false,
            "enforce_private_link_service_network_policies": false,
            "id": "/subscriptions/67e35d63-a466-4f40-bfb9-c5ecfcb0da62/resourceGroups/webapp-dev-rg/providers/Microsoft.Network/virtualNetworks/webapp-dev-vnet/subnets/subnet-app",
            "name": "subnet-app",
            "private_endpoint_network_policies": "Enabled",
            "private_endpoint_network_policies_enabled": true,
            "private_link_service_network_policies_enabled": true,
            "resource_group_name": "webapp-dev-rg",
            "service_endpoint_policy_ids": [],
            "service_endpoints": [],
            "timeouts": null,
            "virtual_network_name": "webapp-dev-vnet"
          },
          "sensitive_attributes": [],
          "identity_schema_version": 0,
          "private": "eyJlMmJmYjczMC1lY2FhLTExZTYtOGY4OC0zNDM2M2JjN2M0YzAiOnsiY3JlYXRlIjoxODAwMDAwMDAwMDAwLCJkZWxldGUiOjE4MDAwMDAwMDAwMDAsInJlYWQiOjMwMDAwMDAwMDAwMCwidXBkYXRlIjoxODAwMDAwMDAwMDAwfX0=",
          "dependencies": [
            "azurerm_resource_group.main",
            "azurerm_virtual_network.main"
          ]
        },
        {
          "index_key": "subnet-db",
          "schema_version": 0,
          "attributes": {
            "address_prefixes": [
              "10.0.2.0/24"
            ],
            "default_outbound_access_enabled": true,
            "delegation": [],
            "enforce_private_link_endpoint_network_policies": false,
            "enforce_private_link_service_network_policies": false,
            "id": "/subscriptions/67e35d63-a466-4f40-bfb9-c5ecfcb0da62/resourceGroups/webapp-dev-rg/providers/Microsoft.Network/virtualNetworks/webapp-dev-vnet/subnets/subnet-db",
            "name": "subnet-db",
            "private_endpoint_network_policies": "Enabled",
            "private_endpoint_network_policies_enabled": true,
            "private_link_service_network_policies_enabled": true,
            "resource_group_name": "webapp-dev-rg",
            "service_endpoint_policy_ids": [],
            "service_endpoints": [],
            "timeouts": null,
            "virtual_network_name": "webapp-dev-vnet"
          },
          "sensitive_attributes": [],
          "identity_schema_version": 0,
          "private": "eyJlMmJmYjczMC1lY2FhLTExZTYtOGY4OC0zNDM2M2JjN2M0YzAiOnsiY3JlYXRlIjoxODAwMDAwMDAwMDAwLCJkZWxldGUiOjE4MDAwMDAwMDAwMDAsInJlYWQiOjMwMDAwMDAwMDAwMCwidXBkYXRlIjoxODAwMDAwMDAwMDAwfX0=",
          "dependencies": [
            "azurerm_resource_group.main",
            "azurerm_virtual_network.main"
          ]
        }
      ]
    },
    {
      "mode": "managed",
      "type": "azurerm_subnet_network_security_group_association",
      "name": "app",
      "provider": "provider[\"registry.terraform.io/hashicorp/azurerm\"]",
      "instances": [
        {
          "schema_version": 0,
          "attributes": {
            "id": "/subscriptions/67e35d63-a466-4f40-bfb9-c5ecfcb0da62/resourceGroups/webapp-dev-rg/providers/Microsoft.Network/virtualNetworks/webapp-dev-vnet/subnets/subnet-app",
            "network_security_group_id": "/subscriptions/67e35d63-a466-4f40-bfb9-c5ecfcb0da62/resourceGroups/webapp-dev-rg/providers/Microsoft.Network/networkSecurityGroups/webapp-dev-nsg",
            "subnet_id": "/subscriptions/67e35d63-a466-4f40-bfb9-c5ecfcb0da62/resourceGroups/webapp-dev-rg/providers/Microsoft.Network/virtualNetworks/webapp-dev-vnet/subnets/subnet-app",
            "timeouts": null
          },
          "sensitive_attributes": [],
          "identity_schema_version": 0,
          "private": "eyJlMmJmYjczMC1lY2FhLTExZTYtOGY4OC0zNDM2M2JjN2M0YzAiOnsiY3JlYXRlIjoxODAwMDAwMDAwMDAwLCJkZWxldGUiOjE4MDAwMDAwMDAwMDAsInJlYWQiOjMwMDAwMDAwMDAwMH19",
          "dependencies": [
            "azurerm_network_security_group.main",
            "azurerm_resource_group.main",
            "azurerm_subnet.main",
            "azurerm_virtual_network.main"
          ]
        }
      ]
    },
    {
      "mode": "managed",
      "type": "azurerm_virtual_network",
      "name": "main",
      "provider": "provider[\"registry.terraform.io/hashicorp/azurerm\"]",
      "instances": [
        {
          "schema_version": 0,
          "attributes": {
            "address_space": [
              "10.0.0.0/16"
            ],
            "bgp_community": "",
            "ddos_protection_plan": [],
            "dns_servers": [],
            "edge_zone": "",
            "encryption": [],
            "flow_timeout_in_minutes": 0,
            "guid": "2c0e44a1-f94c-4e56-8c75-bb13ae4b7e12",
            "id": "/subscriptions/67e35d63-a466-4f40-bfb9-c5ecfcb0da62/resourceGroups/webapp-dev-rg/providers/Microsoft.Network/virtualNetworks/webapp-dev-vnet",
            "location": "brazilsouth",
            "name": "webapp-dev-vnet",
            "resource_group_name": "webapp-dev-rg",
            "subnet": [
              {
                "address_prefix": "10.0.1.0/24",
                "id": "/subscriptions/67e35d63-a466-4f40-bfb9-c5ecfcb0da62/resourceGroups/webapp-dev-rg/providers/Microsoft.Network/virtualNetworks/webapp-dev-vnet/subnets/subnet-app",
                "name": "subnet-app",
                "security_group": "/subscriptions/67e35d63-a466-4f40-bfb9-c5ecfcb0da62/resourceGroups/webapp-dev-rg/providers/Microsoft.Network/networkSecurityGroups/webapp-dev-nsg"
              },
              {
                "address_prefix": "10.0.2.0/24",
                "id": "/subscriptions/67e35d63-a466-4f40-bfb9-c5ecfcb0da62/resourceGroups/webapp-dev-rg/providers/Microsoft.Network/virtualNetworks/webapp-dev-vnet/subnets/subnet-db",
                "name": "subnet-db",
                "security_group": ""
              }
            ],
            "tags": {
              "ambiente": "dev",
              "centro_custo": "ti-infra",
              "criado_por": "terraform",
              "data_criacao": "2026-01-29T18:25:40Z",
              "gerenciado": "terraform",
              "projeto": "webapp"
            },
            "timeouts": null
          },
          "sensitive_attributes": [],
          "identity_schema_version": 0,
          "private": "eyJlMmJmYjczMC1lY2FhLTExZTYtOGY4OC0zNDM2M2JjN2M0YzAiOnsiY3JlYXRlIjoxODAwMDAwMDAwMDAwLCJkZWxldGUiOjE4MDAwMDAwMDAwMDAsInJlYWQiOjMwMDAwMDAwMDAwMCwidXBkYXRlIjoxODAwMDAwMDAwMDAwfX0=",
          "dependencies": [
            "azurerm_resource_group.main"
          ]
        }
      ]
    }
  ],
  "check_results": [
    {
      "object_kind": "var",
      "config_addr": "var.ambiente",
      "status": "pass",
      "objects": [
        {
          "object_addr": "var.ambiente",
          "status": "pass"
        }
      ]
    }
  ]
}
